
Microsoft Visual Studio Solution File, Format Version 12.00
# Visual Studio Version 16
VisualStudioVersion = 16.0.33927.289
MinimumVisualStudioVersion = 10.0.40219.1
Project("{FAE04EC0-301F-11D3-BF4B-00C04F79EFBC}") = "WebApplication2", "WebApplication2.csproj", "{D6F22BDD-D155-4ED5-AF48-9FA4F5A79F5D}"
EndProject
Global
	GlobalSection(SolutionConfigurationPlatforms) = preSolution
		Debug|Any CPU = Debug|Any CPU
		Release|Any CPU = Release|Any CPU
	EndGlobalSection
	GlobalSection(ProjectConfigurationPlatforms) = postSolution
		{D6F22BDD-D155-4ED5-AF48-9FA4F5A79F5D}.Debug|Any CPU.ActiveCfg = Debug|Any CPU
		{D6F22BDD-D155-4ED5-AF48-9FA4F5A79F5D}.Debug|Any CPU.Build.0 = Debug|Any CPU
		{D6F22BDD-D155-4ED5-AF48-9FA4F5A79F5D}.Release|Any CPU.ActiveCfg = Release|Any CPU
		{D6F22BDD-D155-4ED5-AF48-9FA4F5A79F5D}.Release|Any CPU.Build.0 = Release|Any CPU
	EndGlobalSection
	GlobalSection(SolutionProperties) = preSolution
		HideSolutionNode = FALSE
	EndGlobalSection
	GlobalSection(ExtensibilityGlobals) = postSolution
		SolutionGuid = {B80C9BDF-47C3-4D3E-B5C6-93C6A625F703}
	EndGlobalSection
EndGlobal
