
Microsoft Visual Studio Solution File, Format Version 12.00
# Visual Studio Version 16
VisualStudioVersion = 16.0.33927.289
MinimumVisualStudioVersion = 10.0.40219.1
Project("{FAE04EC0-301F-11D3-BF4B-00C04F79EFBC}") = "WebServicesDemo", "..\WebServicesDemo\WebServicesDemo.csproj", "{166ABEC1-2390-455E-BDA4-151A8EAED0D4}"
EndProject
Project("{FAE04EC0-301F-11D3-BF4B-00C04F79EFBC}") = "HelloWebApplication", "..\HelloWebApplication\HelloWebApplication.csproj", "{31AE4DF6-3733-4069-827A-C7A4B84FAB42}"
	ProjectSection(ProjectDependencies) = postProject
		{166ABEC1-2390-455E-BDA4-151A8EAED0D4} = {166ABEC1-2390-455E-BDA4-151A8EAED0D4}
	EndProjectSection
EndProject
Global
	GlobalSection(SolutionConfigurationPlatforms) = preSolution
		Debug|Any CPU = Debug|Any CPU
		Release|Any CPU = Release|Any CPU
	EndGlobalSection
	GlobalSection(ProjectConfigurationPlatforms) = postSolution
		{166ABEC1-2390-455E-BDA4-151A8EAED0D4}.Debug|Any CPU.ActiveCfg = Debug|Any CPU
		{166ABEC1-2390-455E-BDA4-151A8EAED0D4}.Debug|Any CPU.Build.0 = Debug|Any CPU
		{166ABEC1-2390-455E-BDA4-151A8EAED0D4}.Release|Any CPU.ActiveCfg = Release|Any CPU
		{166ABEC1-2390-455E-BDA4-151A8EAED0D4}.Release|Any CPU.Build.0 = Release|Any CPU
		{31AE4DF6-3733-4069-827A-C7A4B84FAB42}.Debug|Any CPU.ActiveCfg = Debug|Any CPU
		{31AE4DF6-3733-4069-827A-C7A4B84FAB42}.Debug|Any CPU.Build.0 = Debug|Any CPU
		{31AE4DF6-3733-4069-827A-C7A4B84FAB42}.Release|Any CPU.ActiveCfg = Release|Any CPU
		{31AE4DF6-3733-4069-827A-C7A4B84FAB42}.Release|Any CPU.Build.0 = Release|Any CPU
	EndGlobalSection
	GlobalSection(SolutionProperties) = preSolution
		HideSolutionNode = FALSE
	EndGlobalSection
	GlobalSection(ExtensibilityGlobals) = postSolution
		SolutionGuid = {607E09D2-BF6D-4806-B5E1-698D5315B72D}
	EndGlobalSection
EndGlobal
